
Microsoft Visual Studio Solution File, Format Version 12.00
# Visual Studio Version 17
VisualStudioVersion = 17.1.32210.238
MinimumVisualStudioVersion = 10.0.40219.1
Project("{FAE04EC0-301F-11D3-BF4B-00C04F79EFBC}") = "RedCrossWithBDD", "RedCrossWithBDD.csproj", "{081B7CC2-22A7-455E-A070-C6D6B5DB405C}"
EndProject
Global
	GlobalSection(SolutionConfigurationPlatforms) = preSolution
		Debug|Any CPU = Debug|Any CPU
		Release|Any CPU = Release|Any CPU
	EndGlobalSection
	GlobalSection(ProjectConfigurationPlatforms) = postSolution
		{081B7CC2-22A7-455E-A070-C6D6B5DB405C}.Debug|Any CPU.ActiveCfg = Debug|Any CPU
		{081B7CC2-22A7-455E-A070-C6D6B5DB405C}.Debug|Any CPU.Build.0 = Debug|Any CPU
		{081B7CC2-22A7-455E-A070-C6D6B5DB405C}.Release|Any CPU.ActiveCfg = Release|Any CPU
		{081B7CC2-22A7-455E-A070-C6D6B5DB405C}.Release|Any CPU.Build.0 = Release|Any CPU
	EndGlobalSection
	GlobalSection(SolutionProperties) = preSolution
		HideSolutionNode = FALSE
	EndGlobalSection
	GlobalSection(ExtensibilityGlobals) = postSolution
		SolutionGuid = {58F61E52-6B15-401C-8148-C5D24CEC19F2}
	EndGlobalSection
EndGlobal
